
Microsoft Visual Studio Solution File, Format Version 12.00
# Visual Studio Version 17
VisualStudioVersion = 17.1.32319.34
MinimumVisualStudioVersion = 10.0.40219.1
Project("{9A19103F-16F7-4668-BE54-9A1E7A4F7556}") = "STOBusinessLogic", "STOBusinessLogic\STOBusinessLogic.csproj", "{013DDE5B-8F2A-4F3B-8705-A08FD5A288CF}"
EndProject
Project("{9A19103F-16F7-4668-BE54-9A1E7A4F7556}") = "STOContracts", "STOContracts\STOContracts.csproj", "{FD3708F9-CD21-4C00-8495-D74C27038EF3}"
EndProject
Project("{9A19103F-16F7-4668-BE54-9A1E7A4F7556}") = "STODatabaseImplement", "STODatabaseImplement\STODatabaseImplement.csproj", "{48D1AFB2-1D85-493F-A04D-6DA27723EF56}"
EndProject
Project("{FAE04EC0-301F-11D3-BF4B-00C04F79EFBC}") = "STOViewTest", "STOViewTest\STOViewTest.csproj", "{74A6A5CA-923D-46C5-A820-8C8F41687A89}"
EndProject
Global
	GlobalSection(SolutionConfigurationPlatforms) = preSolution
		Debug|Any CPU = Debug|Any CPU
		Release|Any CPU = Release|Any CPU
	EndGlobalSection
	GlobalSection(ProjectConfigurationPlatforms) = postSolution
		{013DDE5B-8F2A-4F3B-8705-A08FD5A288CF}.Debug|Any CPU.ActiveCfg = Debug|Any CPU
		{013DDE5B-8F2A-4F3B-8705-A08FD5A288CF}.Debug|Any CPU.Build.0 = Debug|Any CPU
		{013DDE5B-8F2A-4F3B-8705-A08FD5A288CF}.Release|Any CPU.ActiveCfg = Release|Any CPU
		{013DDE5B-8F2A-4F3B-8705-A08FD5A288CF}.Release|Any CPU.Build.0 = Release|Any CPU
		{FD3708F9-CD21-4C00-8495-D74C27038EF3}.Debug|Any CPU.ActiveCfg = Debug|Any CPU
		{FD3708F9-CD21-4C00-8495-D74C27038EF3}.Debug|Any CPU.Build.0 = Debug|Any CPU
		{FD3708F9-CD21-4C00-8495-D74C27038EF3}.Release|Any CPU.ActiveCfg = Release|Any CPU
		{FD3708F9-CD21-4C00-8495-D74C27038EF3}.Release|Any CPU.Build.0 = Release|Any CPU
		{48D1AFB2-1D85-493F-A04D-6DA27723EF56}.Debug|Any CPU.ActiveCfg = Debug|Any CPU
		{48D1AFB2-1D85-493F-A04D-6DA27723EF56}.Debug|Any CPU.Build.0 = Debug|Any CPU
		{48D1AFB2-1D85-493F-A04D-6DA27723EF56}.Release|Any CPU.ActiveCfg = Release|Any CPU
		{48D1AFB2-1D85-493F-A04D-6DA27723EF56}.Release|Any CPU.Build.0 = Release|Any CPU
		{74A6A5CA-923D-46C5-A820-8C8F41687A89}.Debug|Any CPU.ActiveCfg = Debug|Any CPU
		{74A6A5CA-923D-46C5-A820-8C8F41687A89}.Debug|Any CPU.Build.0 = Debug|Any CPU
		{74A6A5CA-923D-46C5-A820-8C8F41687A89}.Release|Any CPU.ActiveCfg = Release|Any CPU
		{74A6A5CA-923D-46C5-A820-8C8F41687A89}.Release|Any CPU.Build.0 = Release|Any CPU
	EndGlobalSection
	GlobalSection(SolutionProperties) = preSolution
		HideSolutionNode = FALSE
	EndGlobalSection
	GlobalSection(ExtensibilityGlobals) = postSolution
		SolutionGuid = {5274653B-10E6-4ACE-9EAB-F95A71E18011}
	EndGlobalSection
EndGlobal
